// !$*UTF8*$!
{
	archiveVersion = 1;
	classes = {
	};
	objectVersion = 55;
	objects = {

/* Begin PBXBuildFile section */
		E9752D64283E480A00D17570 /* SignalProcessing.swift in Sources */ = {isa = PBXBuildFile; fileRef = E9752D63283E480A00D17570 /* SignalProcessing.swift */; };
		E98290F4283D171E0048B3A3 /* VibeApp.swift in Sources */ = {isa = PBXBuildFile; fileRef = E98290F3283D171E0048B3A3 /* VibeApp.swift */; };
		E98290F6283D171E0048B3A3 /* ContentView.swift in Sources */ = {isa = PBXBuildFile; fileRef = E98290F5283D171E0048B3A3 /* ContentView.swift */; };
		E98290F8283D17220048B3A3 /* Assets.xcassets in Resources */ = {isa = PBXBuildFile; fileRef = E98290F7283D17220048B3A3 /* Assets.xcassets */; };
		E98290FB283D17220048B3A3 /* Preview Assets.xcassets in Resources */ = {isa = PBXBuildFile; fileRef = E98290FA283D17220048B3A3 /* Preview Assets.xcassets */; };
		E9829106283D1D0F0048B3A3 /* AudioKit in Frameworks */ = {isa = PBXBuildFile; productRef = E9829105283D1D0F0048B3A3 /* AudioKit */; };
		E9829108283D21D50048B3A3 /* MicrophoneMonitor.swift in Sources */ = {isa = PBXBuildFile; fileRef = E9829107283D21D50048B3A3 /* MicrophoneMonitor.swift */; };
		E982910A283D25650048B3A3 /* BarView.swift in Sources */ = {isa = PBXBuildFile; fileRef = E9829109283D25650048B3A3 /* BarView.swift */; };
		E982910D283D27F10048B3A3 /* Constants.swift in Sources */ = {isa = PBXBuildFile; fileRef = E982910C283D27F10048B3A3 /* Constants.swift */; };
		E9C41B852840E51B00BB07CD /* Scraps.swift in Sources */ = {isa = PBXBuildFile; fileRef = E9C41B842840E51B00BB07CD /* Scraps.swift */; };
		E9C41B872841174C00BB07CD /* RowView.swift in Sources */ = {isa = PBXBuildFile; fileRef = E9C41B862841174C00BB07CD /* RowView.swift */; };
/* End PBXBuildFile section */

/* Begin PBXFileReference section */
		E9752D63283E480A00D17570 /* SignalProcessing.swift */ = {isa = PBXFileReference; lastKnownFileType = sourcecode.swift; path = SignalProcessing.swift; sourceTree = "<group>"; };
		E98290F0283D171E0048B3A3 /* Vibe.app */ = {isa = PBXFileReference; explicitFileType = wrapper.application; includeInIndex = 0; path = Vibe.app; sourceTree = BUILT_PRODUCTS_DIR; };
		E98290F3283D171E0048B3A3 /* VibeApp.swift */ = {isa = PBXFileReference; lastKnownFileType = sourcecode.swift; path = VibeApp.swift; sourceTree = "<group>"; };
		E98290F5283D171E0048B3A3 /* ContentView.swift */ = {isa = PBXFileReference; lastKnownFileType = sourcecode.swift; path = ContentView.swift; sourceTree = "<group>"; };
		E98290F7283D17220048B3A3 /* Assets.xcassets */ = {isa = PBXFileReference; lastKnownFileType = folder.assetcatalog; path = Assets.xcassets; sourceTree = "<group>"; };
		E98290FA283D17220048B3A3 /* Preview Assets.xcassets */ = {isa = PBXFileReference; lastKnownFileType = folder.assetcatalog; path = "Preview Assets.xcassets"; sourceTree = "<group>"; };
		E9829107283D21D50048B3A3 /* MicrophoneMonitor.swift */ = {isa = PBXFileReference; lastKnownFileType = sourcecode.swift; path = MicrophoneMonitor.swift; sourceTree = "<group>"; };
		E9829109283D25650048B3A3 /* BarView.swift */ = {isa = PBXFileReference; lastKnownFileType = sourcecode.swift; path = BarView.swift; sourceTree = "<group>"; };
		E982910C283D27F10048B3A3 /* Constants.swift */ = {isa = PBXFileReference; lastKnownFileType = sourcecode.swift; path = Constants.swift; sourceTree = "<group>"; };
		E9C41B842840E51B00BB07CD /* Scraps.swift */ = {isa = PBXFileReference; lastKnownFileType = sourcecode.swift; path = Scraps.swift; sourceTree = "<group>"; };
		E9C41B862841174C00BB07CD /* RowView.swift */ = {isa = PBXFileReference; lastKnownFileType = sourcecode.swift; path = RowView.swift; sourceTree = "<group>"; };
/* End PBXFileReference section */

/* Begin PBXFrameworksBuildPhase section */
		E98290ED283D171E0048B3A3 /* Frameworks */ = {
			isa = PBXFrameworksBuildPhase;
			buildActionMask = 2147483647;
			files = (
				E9829106283D1D0F0048B3A3 /* AudioKit in Frameworks */,
			);
			runOnlyForDeploymentPostprocessing = 0;
		};
/* End PBXFrameworksBuildPhase section */

/* Begin PBXGroup section */
		E98290E7283D171E0048B3A3 = {
			isa = PBXGroup;
			children = (
				E98290F2283D171E0048B3A3 /* Vibe */,
				E98290F1283D171E0048B3A3 /* Products */,
			);
			sourceTree = "<group>";
		};
		E98290F1283D171E0048B3A3 /* Products */ = {
			isa = PBXGroup;
			children = (
				E98290F0283D171E0048B3A3 /* Vibe.app */,
			);
			name = Products;
			sourceTree = "<group>";
		};
		E98290F2283D171E0048B3A3 /* Vibe */ = {
			isa = PBXGroup;
			children = (
				E98290F3283D171E0048B3A3 /* VibeApp.swift */,
				E9829101283D17430048B3A3 /* Views */,
				E9829103283D17520048B3A3 /* AudioProcessing */,
				E982910B283D27CA0048B3A3 /* Helpers */,
				E98290F7283D17220048B3A3 /* Assets.xcassets */,
				E98290F9283D17220048B3A3 /* Preview Content */,
			);
			path = Vibe;
			sourceTree = "<group>";
		};
		E98290F9283D17220048B3A3 /* Preview Content */ = {
			isa = PBXGroup;
			children = (
				E98290FA283D17220048B3A3 /* Preview Assets.xcassets */,
			);
			path = "Preview Content";
			sourceTree = "<group>";
		};
		E9829101283D17430048B3A3 /* Views */ = {
			isa = PBXGroup;
			children = (
				E98290F5283D171E0048B3A3 /* ContentView.swift */,
				E9829109283D25650048B3A3 /* BarView.swift */,
				E9C41B862841174C00BB07CD /* RowView.swift */,
			);
			path = Views;
			sourceTree = "<group>";
		};
		E9829103283D17520048B3A3 /* AudioProcessing */ = {
			isa = PBXGroup;
			children = (
				E9829107283D21D50048B3A3 /* MicrophoneMonitor.swift */,
				E9752D63283E480A00D17570 /* SignalProcessing.swift */,
			);
			path = AudioProcessing;
			sourceTree = "<group>";
		};
		E982910B283D27CA0048B3A3 /* Helpers */ = {
			isa = PBXGroup;
			children = (
				E982910C283D27F10048B3A3 /* Constants.swift */,
				E9C41B842840E51B00BB07CD /* Scraps.swift */,
			);
			path = Helpers;
			sourceTree = "<group>";
		};
/* End PBXGroup section */

/* Begin PBXNativeTarget section */
		E98290EF283D171E0048B3A3 /* Vibe */ = {
			isa = PBXNativeTarget;
			buildConfigurationList = E98290FE283D17220048B3A3 /* Build configuration list for PBXNativeTarget "Vibe" */;
			buildPhases = (
				E98290EC283D171E0048B3A3 /* Sources */,
				E98290ED283D171E0048B3A3 /* Frameworks */,
				E98290EE283D171E0048B3A3 /* Resources */,
			);
			buildRules = (
			);
			dependencies = (
			);
			name = Vibe;
			packageProductDependencies = (
				E9829105283D1D0F0048B3A3 /* AudioKit */,
			);
			productName = Vibe;
			productReference = E98290F0283D171E0048B3A3 /* Vibe.app */;
			productType = "com.apple.product-type.application";
		};
/* End PBXNativeTarget section */

/* Begin PBXProject section */
		E98290E8283D171E0048B3A3 /* Project object */ = {
			isa = PBXProject;
			attributes = {
				BuildIndependentTargetsInParallel = 1;
				LastSwiftUpdateCheck = 1340;
				LastUpgradeCheck = 1340;
				TargetAttributes = {
					E98290EF283D171E0048B3A3 = {
						CreatedOnToolsVersion = 13.4;
					};
				};
			};
			buildConfigurationList = E98290EB283D171E0048B3A3 /* Build configuration list for PBXProject "Vibe" */;
			compatibilityVersion = "Xcode 13.0";
			developmentRegion = en;
			hasScannedForEncodings = 0;
			knownRegions = (
				en,
				Base,
			);
			mainGroup = E98290E7283D171E0048B3A3;
			packageReferences = (
				E9829104283D1D0F0048B3A3 /* XCRemoteSwiftPackageReference "AudioKit" */,
			);
			productRefGroup = E98290F1283D171E0048B3A3 /* Products */;
			projectDirPath = "";
			projectRoot = "";
			targets = (
				E98290EF283D171E0048B3A3 /* Vibe */,
			);
		};
/* End PBXProject section */

/* Begin PBXResourcesBuildPhase section */
		E98290EE283D171E0048B3A3 /* Resources */ = {
			isa = PBXResourcesBuildPhase;
			buildActionMask = 2147483647;
			files = (
				E98290FB283D17220048B3A3 /* Preview Assets.xcassets in Resources */,
				E98290F8283D17220048B3A3 /* Assets.xcassets in Resources */,
			);
			runOnlyForDeploymentPostprocessing = 0;
		};
/* End PBXResourcesBuildPhase section */

/* Begin PBXSourcesBuildPhase section */
		E98290EC283D171E0048B3A3 /* Sources */ = {
			isa = PBXSourcesBuildPhase;
			buildActionMask = 2147483647;
			files = (
				E982910D283D27F10048B3A3 /* Constants.swift in Sources */,
				E9752D64283E480A00D17570 /* SignalProcessing.swift in Sources */,
				E982910A283D25650048B3A3 /* BarView.swift in Sources */,
				E9C41B872841174C00BB07CD /* RowView.swift in Sources */,
				E9C41B852840E51B00BB07CD /* Scraps.swift in Sources */,
				E98290F6283D171E0048B3A3 /* ContentView.swift in Sources */,
				E98290F4283D171E0048B3A3 /* VibeApp.swift in Sources */,
				E9829108283D21D50048B3A3 /* MicrophoneMonitor.swift in Sources */,
			);
			runOnlyForDeploymentPostprocessing = 0;
		};
/* End PBXSourcesBuildPhase section */

/* Begin XCBuildConfiguration section */
		E98290FC283D17220048B3A3 /* Debug */ = {
			isa = XCBuildConfiguration;
			buildSettings = {
				ALWAYS_SEARCH_USER_PATHS = NO;
				CLANG_ANALYZER_NONNULL = YES;
				CLANG_ANALYZER_NUMBER_OBJECT_CONVERSION = YES_AGGRESSIVE;
				CLANG_CXX_LANGUAGE_STANDARD = "gnu++17";
				CLANG_ENABLE_MODULES = YES;
				CLANG_ENABLE_OBJC_ARC = YES;
				CLANG_ENABLE_OBJC_WEAK = YES;
				CLANG_WARN_BLOCK_CAPTURE_AUTORELEASING = YES;
				CLANG_WARN_BOOL_CONVERSION = YES;
				CLANG_WARN_COMMA = YES;
				CLANG_WARN_CONSTANT_CONVERSION = YES;
				CLANG_WARN_DEPRECATED_OBJC_IMPLEMENTATIONS = YES;
				CLANG_WARN_DIRECT_OBJC_ISA_USAGE = YES_ERROR;
				CLANG_WARN_DOCUMENTATION_COMMENTS = YES;
				CLANG_WARN_EMPTY_BODY = YES;
				CLANG_WARN_ENUM_CONVERSION = YES;
				CLANG_WARN_INFINITE_RECURSION = YES;
				CLANG_WARN_INT_CONVERSION = YES;
				CLANG_WARN_NON_LITERAL_NULL_CONVERSION = YES;
				CLANG_WARN_OBJC_IMPLICIT_RETAIN_SELF = YES;
				CLANG_WARN_OBJC_LITERAL_CONVERSION = YES;
				CLANG_WARN_OBJC_ROOT_CLASS = YES_ERROR;
				CLANG_WARN_QUOTED_INCLUDE_IN_FRAMEWORK_HEADER = YES;
				CLANG_WARN_RANGE_LOOP_ANALYSIS = YES;
				CLANG_WARN_STRICT_PROTOTYPES = YES;
				CLANG_WARN_SUSPICIOUS_MOVE = YES;
				CLANG_WARN_UNGUARDED_AVAILABILITY = YES_AGGRESSIVE;
				CLANG_WARN_UNREACHABLE_CODE = YES;
				CLANG_WARN__DUPLICATE_METHOD_MATCH = YES;
				COPY_PHASE_STRIP = NO;
				DEBUG_INFORMATION_FORMAT = dwarf;
				ENABLE_STRICT_OBJC_MSGSEND = YES;
				ENABLE_TESTABILITY = YES;
				GCC_C_LANGUAGE_STANDARD = gnu11;
				GCC_DYNAMIC_NO_PIC = NO;
				GCC_NO_COMMON_BLOCKS = YES;
				GCC_OPTIMIZATION_LEVEL = 0;
				GCC_PREPROCESSOR_DEFINITIONS = (
					"DEBUG=1",
					"$(inherited)",
				);
				GCC_WARN_64_TO_32_BIT_CONVERSION = YES;
				GCC_WARN_ABOUT_RETURN_TYPE = YES_ERROR;
				GCC_WARN_UNDECLARED_SELECTOR = YES;
				GCC_WARN_UNINITIALIZED_AUTOS = YES_AGGRESSIVE;
				GCC_WARN_UNUSED_FUNCTION = YES;
				GCC_WARN_UNUSED_VARIABLE = YES;
				IPHONEOS_DEPLOYMENT_TARGET = 15.5;
				MTL_ENABLE_DEBUG_INFO = INCLUDE_SOURCE;
				MTL_FAST_MATH = YES;
				ONLY_ACTIVE_ARCH = YES;
				SDKROOT = iphoneos;
				SWIFT_ACTIVE_COMPILATION_CONDITIONS = DEBUG;
				SWIFT_OPTIMIZATION_LEVEL = "-Onone";
			};
			name = Debug;
		};
		E98290FD283D17220048B3A3 /* Release */ = {
			isa = XCBuildConfiguration;
			buildSettings = {
				ALWAYS_SEARCH_USER_PATHS = NO;
				CLANG_ANALYZER_NONNULL = YES;
				CLANG_ANALYZER_NUMBER_OBJECT_CONVERSION = YES_AGGRESSIVE;
				CLANG_CXX_LANGUAGE_STANDARD = "gnu++17";
				CLANG_ENABLE_MODULES = YES;
				CLANG_ENABLE_OBJC_ARC = YES;
				CLANG_ENABLE_OBJC_WEAK = YES;
				CLANG_WARN_BLOCK_CAPTURE_AUTORELEASING = YES;
				CLANG_WARN_BOOL_CONVERSION = YES;
				CLANG_WARN_COMMA = YES;
				CLANG_WARN_CONSTANT_CONVERSION = YES;
				CLANG_WARN_DEPRECATED_OBJC_IMPLEMENTATIONS = YES;
				CLANG_WARN_DIRECT_OBJC_ISA_USAGE = YES_ERROR;
				CLANG_WARN_DOCUMENTATION_COMMENTS = YES;
				CLANG_WARN_EMPTY_BODY = YES;
				CLANG_WARN_ENUM_CONVERSION = YES;
				CLANG_WARN_INFINITE_RECURSION = YES;
				CLANG_WARN_INT_CONVERSION = YES;
				CLANG_WARN_NON_LITERAL_NULL_CONVERSION = YES;
				CLANG_WARN_OBJC_IMPLICIT_RETAIN_SELF = YES;
				CLANG_WARN_OBJC_LITERAL_CONVERSION = YES;
				CLANG_WARN_OBJC_ROOT_CLASS = YES_ERROR;
				CLANG_WARN_QUOTED_INCLUDE_IN_FRAMEWORK_HEADER = YES;
				CLANG_WARN_RANGE_LOOP_ANALYSIS = YES;
				CLANG_WARN_STRICT_PROTOTYPES = YES;
				CLANG_WARN_SUSPICIOUS_MOVE = YES;
				CLANG_WARN_UNGUARDED_AVAILABILITY = YES_AGGRESSIVE;
				CLANG_WARN_UNREACHABLE_CODE = YES;
				CLANG_WARN__DUPLICATE_METHOD_MATCH = YES;
				COPY_PHASE_STRIP = NO;
				DEBUG_INFORMATION_FORMAT = "dwarf-with-dsym";
				ENABLE_NS_ASSERTIONS = NO;
				ENABLE_STRICT_OBJC_MSGSEND = YES;
				GCC_C_LANGUAGE_STANDARD = gnu11;
				GCC_NO_COMMON_BLOCKS = YES;
				GCC_WARN_64_TO_32_BIT_CONVERSION = YES;
				GCC_WARN_ABOUT_RETURN_TYPE = YES_ERROR;
				GCC_WARN_UNDECLARED_SELECTOR = YES;
				GCC_WARN_UNINITIALIZED_AUTOS = YES_AGGRESSIVE;
				GCC_WARN_UNUSED_FUNCTION = YES;
				GCC_WARN_UNUSED_VARIABLE = YES;
				IPHONEOS_DEPLOYMENT_TARGET = 15.5;
				MTL_ENABLE_DEBUG_INFO = NO;
				MTL_FAST_MATH = YES;
				SDKROOT = iphoneos;
				SWIFT_COMPILATION_MODE = wholemodule;
				SWIFT_OPTIMIZATION_LEVEL = "-O";
				VALIDATE_PRODUCT = YES;
			};
			name = Release;
		};
		E98290FF283D17220048B3A3 /* Debug */ = {
			isa = XCBuildConfiguration;
			buildSettings = {
				ASSETCATALOG_COMPILER_APPICON_NAME = AppIcon;
				ASSETCATALOG_COMPILER_GLOBAL_ACCENT_COLOR_NAME = AccentColor;
				CODE_SIGN_STYLE = Automatic;
				CURRENT_PROJECT_VERSION = 1;
				DEVELOPMENT_ASSET_PATHS = "\"Vibe/Preview Content\"";
				DEVELOPMENT_TEAM = WGMW46QRZ4;
				ENABLE_PREVIEWS = YES;
				GENERATE_INFOPLIST_FILE = YES;
				INFOPLIST_KEY_NSMicrophoneUsageDescription = "The app needs to access your microphone";
				INFOPLIST_KEY_UIApplicationSceneManifest_Generation = YES;
				INFOPLIST_KEY_UIApplicationSupportsIndirectInputEvents = YES;
				INFOPLIST_KEY_UILaunchScreen_Generation = YES;
				INFOPLIST_KEY_UISupportedInterfaceOrientations_iPad = "UIInterfaceOrientationPortrait UIInterfaceOrientationPortraitUpsideDown UIInterfaceOrientationLandscapeLeft UIInterfaceOrientationLandscapeRight";
				INFOPLIST_KEY_UISupportedInterfaceOrientations_iPhone = "UIInterfaceOrientationPortrait UIInterfaceOrientationLandscapeLeft UIInterfaceOrientationLandscapeRight";
				LD_RUNPATH_SEARCH_PATHS = (
					"$(inherited)",
					"@executable_path/Frameworks",
				);
				MARKETING_VERSION = 1.0;
				PRODUCT_BUNDLE_IDENTIFIER = com.tomBeardedHen.Vibe;
				PRODUCT_NAME = "$(TARGET_NAME)";
				SWIFT_EMIT_LOC_STRINGS = YES;
				SWIFT_VERSION = 5.0;
				TARGETED_DEVICE_FAMILY = "1,2";
			};
			name = Debug;
		};
		E9829100283D17220048B3A3 /* Release */ = {
			isa = XCBuildConfiguration;
			buildSettings = {
				ASSETCATALOG_COMPILER_APPICON_NAME = AppIcon;
				ASSETCATALOG_COMPILER_GLOBAL_ACCENT_COLOR_NAME = AccentColor;
				CODE_SIGN_STYLE = Automatic;
				CURRENT_PROJECT_VERSION = 1;
				DEVELOPMENT_ASSET_PATHS = "\"Vibe/Preview Content\"";
				DEVELOPMENT_TEAM = WGMW46QRZ4;
				ENABLE_PREVIEWS = YES;
				GENERATE_INFOPLIST_FILE = YES;
				INFOPLIST_KEY_NSMicrophoneUsageDescription = "The app needs to access your microphone";
				INFOPLIST_KEY_UIApplicationSceneManifest_Generation = YES;
				INFOPLIST_KEY_UIApplicationSupportsIndirectInputEvents = YES;
				INFOPLIST_KEY_UILaunchScreen_Generation = YES;
				INFOPLIST_KEY_UISupportedInterfaceOrientations_iPad = "UIInterfaceOrientationPortrait UIInterfaceOrientationPortraitUpsideDown UIInterfaceOrientationLandscapeLeft UIInterfaceOrientationLandscapeRight";
				INFOPLIST_KEY_UISupportedInterfaceOrientations_iPhone = "UIInterfaceOrientationPortrait UIInterfaceOrientationLandscapeLeft UIInterfaceOrientationLandscapeRight";
				LD_RUNPATH_SEARCH_PATHS = (
					"$(inherited)",
					"@executable_path/Frameworks",
				);
				MARKETING_VERSION = 1.0;
				PRODUCT_BUNDLE_IDENTIFIER = com.tomBeardedHen.Vibe;
				PRODUCT_NAME = "$(TARGET_NAME)";
				SWIFT_EMIT_LOC_STRINGS = YES;
				SWIFT_VERSION = 5.0;
				TARGETED_DEVICE_FAMILY = "1,2";
			};
			name = Release;
		};
/* End XCBuildConfiguration section */

/* Begin XCConfigurationList section */
		E98290EB283D171E0048B3A3 /* Build configuration list for PBXProject "Vibe" */ = {
			isa = XCConfigurationList;
			buildConfigurations = (
				E98290FC283D17220048B3A3 /* Debug */,
				E98290FD283D17220048B3A3 /* Release */,
			);
			defaultConfigurationIsVisible = 0;
			defaultConfigurationName = Release;
		};
		E98290FE283D17220048B3A3 /* Build configuration list for PBXNativeTarget "Vibe" */ = {
			isa = XCConfigurationList;
			buildConfigurations = (
				E98290FF283D17220048B3A3 /* Debug */,
				E9829100283D17220048B3A3 /* Release */,
			);
			defaultConfigurationIsVisible = 0;
			defaultConfigurationName = Release;
		};
/* End XCConfigurationList section */

/* Begin XCRemoteSwiftPackageReference section */
		E9829104283D1D0F0048B3A3 /* XCRemoteSwiftPackageReference "AudioKit" */ = {
			isa = XCRemoteSwiftPackageReference;
			repositoryURL = "https://github.com/AudioKit/AudioKit/";
			requirement = {
				kind = upToNextMajorVersion;
				minimumVersion = 5.0.0;
			};
		};
/* End XCRemoteSwiftPackageReference section */

/* Begin XCSwiftPackageProductDependency section */
		E9829105283D1D0F0048B3A3 /* AudioKit */ = {
			isa = XCSwiftPackageProductDependency;
			package = E9829104283D1D0F0048B3A3 /* XCRemoteSwiftPackageReference "AudioKit" */;
			productName = AudioKit;
		};
/* End XCSwiftPackageProductDependency section */
	};
	rootObject = E98290E8283D171E0048B3A3 /* Project object */;
}
